// !$*UTF8*$!
{
	archiveVersion = 1;
	classes = {
	};
	objectVersion = 50;
	objects = {

/* Begin PBXBuildFile section */
		2E3B346722C595780055929B /* AppDelegate.swift in Sources */ = {isa = PBXBuildFile; fileRef = 2E3B346622C595780055929B /* AppDelegate.swift */; };
		2E3B346922C595780055929B /* ViewController.swift in Sources */ = {isa = PBXBuildFile; fileRef = 2E3B346822C595780055929B /* ViewController.swift */; };
		2E3B346C22C595780055929B /* Main.storyboard in Resources */ = {isa = PBXBuildFile; fileRef = 2E3B346A22C595780055929B /* Main.storyboard */; };
		2E3B346E22C5957B0055929B /* Assets.xcassets in Resources */ = {isa = PBXBuildFile; fileRef = 2E3B346D22C5957B0055929B /* Assets.xcassets */; };
		2E3B347122C5957B0055929B /* LaunchScreen.storyboard in Resources */ = {isa = PBXBuildFile; fileRef = 2E3B346F22C5957B0055929B /* LaunchScreen.storyboard */; };
		2E3B347922C59AF30055929B /* DetailViewController.swift in Sources */ = {isa = PBXBuildFile; fileRef = 2E3B347822C59AF30055929B /* DetailViewController.swift */; };
/* End PBXBuildFile section */

/* Begin PBXFileReference section */
		2E3B346322C595780055929B /* Proj 1-3 Review.app */ = {isa = PBXFileReference; explicitFileType = wrapper.application; includeInIndex = 0; path = "Proj 1-3 Review.app"; sourceTree = BUILT_PRODUCTS_DIR; };
		2E3B346622C595780055929B /* AppDelegate.swift */ = {isa = PBXFileReference; lastKnownFileType = sourcecode.swift; path = AppDelegate.swift; sourceTree = "<group>"; };
		2E3B346822C595780055929B /* ViewController.swift */ = {isa = PBXFileReference; lastKnownFileType = sourcecode.swift; path = ViewController.swift; sourceTree = "<group>"; };
		2E3B346B22C595780055929B /* Base */ = {isa = PBXFileReference; lastKnownFileType = file.storyboard; name = Base; path = Base.lproj/Main.storyboard; sourceTree = "<group>"; };
		2E3B346D22C5957B0055929B /* Assets.xcassets */ = {isa = PBXFileReference; lastKnownFileType = folder.assetcatalog; path = Assets.xcassets; sourceTree = "<group>"; };
		2E3B347022C5957B0055929B /* Base */ = {isa = PBXFileReference; lastKnownFileType = file.storyboard; name = Base; path = Base.lproj/LaunchScreen.storyboard; sourceTree = "<group>"; };
		2E3B347222C5957B0055929B /* Info.plist */ = {isa = PBXFileReference; lastKnownFileType = text.plist.xml; path = Info.plist; sourceTree = "<group>"; };
		2E3B347822C59AF30055929B /* DetailViewController.swift */ = {isa = PBXFileReference; lastKnownFileType = sourcecode.swift; path = DetailViewController.swift; sourceTree = "<group>"; };
/* End PBXFileReference section */

/* Begin PBXFrameworksBuildPhase section */
		2E3B346022C595780055929B /* Frameworks */ = {
			isa = PBXFrameworksBuildPhase;
			buildActionMask = 2147483647;
			files = (
			);
			runOnlyForDeploymentPostprocessing = 0;
		};
/* End PBXFrameworksBuildPhase section */

/* Begin PBXGroup section */
		2E3B345A22C595780055929B = {
			isa = PBXGroup;
			children = (
				2E3B346522C595780055929B /* Proj 1-3 Review */,
				2E3B346422C595780055929B /* Products */,
			);
			sourceTree = "<group>";
		};
		2E3B346422C595780055929B /* Products */ = {
			isa = PBXGroup;
			children = (
				2E3B346322C595780055929B /* Proj 1-3 Review.app */,
			);
			name = Products;
			sourceTree = "<group>";
		};
		2E3B346522C595780055929B /* Proj 1-3 Review */ = {
			isa = PBXGroup;
			children = (
				2E3B346622C595780055929B /* AppDelegate.swift */,
				2E3B346822C595780055929B /* ViewController.swift */,
				2E3B347822C59AF30055929B /* DetailViewController.swift */,
				2E3B346A22C595780055929B /* Main.storyboard */,
				2E3B346D22C5957B0055929B /* Assets.xcassets */,
				2E3B346F22C5957B0055929B /* LaunchScreen.storyboard */,
				2E3B347222C5957B0055929B /* Info.plist */,
			);
			path = "Proj 1-3 Review";
			sourceTree = "<group>";
		};
/* End PBXGroup section */

/* Begin PBXNativeTarget section */
		2E3B346222C595780055929B /* Proj 1-3 Review */ = {
			isa = PBXNativeTarget;
			buildConfigurationList = 2E3B347522C5957B0055929B /* Build configuration list for PBXNativeTarget "Proj 1-3 Review" */;
			buildPhases = (
				2E3B345F22C595780055929B /* Sources */,
				2E3B346022C595780055929B /* Frameworks */,
				2E3B346122C595780055929B /* Resources */,
			);
			buildRules = (
			);
			dependencies = (
			);
			name = "Proj 1-3 Review";
			productName = "Proj 1-3 Review";
			productReference = 2E3B346322C595780055929B /* Proj 1-3 Review.app */;
			productType = "com.apple.product-type.application";
		};
/* End PBXNativeTarget section */

/* Begin PBXProject section */
		2E3B345B22C595780055929B /* Project object */ = {
			isa = PBXProject;
			attributes = {
				LastSwiftUpdateCheck = 1010;
				LastUpgradeCheck = 1010;
				ORGANIZATIONNAME = "Angela Wu ";
				TargetAttributes = {
					2E3B346222C595780055929B = {
						CreatedOnToolsVersion = 10.1;
					};
				};
			};
			buildConfigurationList = 2E3B345E22C595780055929B /* Build configuration list for PBXProject "Proj 1-3 Review" */;
			compatibilityVersion = "Xcode 9.3";
			developmentRegion = en;
			hasScannedForEncodings = 0;
			knownRegions = (
				en,
				Base,
			);
			mainGroup = 2E3B345A22C595780055929B;
			productRefGroup = 2E3B346422C595780055929B /* Products */;
			projectDirPath = "";
			projectRoot = "";
			targets = (
				2E3B346222C595780055929B /* Proj 1-3 Review */,
			);
		};
/* End PBXProject section */

/* Begin PBXResourcesBuildPhase section */
		2E3B346122C595780055929B /* Resources */ = {
			isa = PBXResourcesBuildPhase;
			buildActionMask = 2147483647;
			files = (
				2E3B347122C5957B0055929B /* LaunchScreen.storyboard in Resources */,
				2E3B346E22C5957B0055929B /* Assets.xcassets in Resources */,
				2E3B346C22C595780055929B /* Main.storyboard in Resources */,
			);
			runOnlyForDeploymentPostprocessing = 0;
		};
/* End PBXResourcesBuildPhase section */

/* Begin PBXSourcesBuildPhase section */
		2E3B345F22C595780055929B /* Sources */ = {
			isa = PBXSourcesBuildPhase;
			buildActionMask = 2147483647;
			files = (
				2E3B347922C59AF30055929B /* DetailViewController.swift in Sources */,
				2E3B346922C595780055929B /* ViewController.swift in Sources */,
				2E3B346722C595780055929B /* AppDelegate.swift in Sources */,
			);
			runOnlyForDeploymentPostprocessing = 0;
		};
/* End PBXSourcesBuildPhase section */

/* Begin PBXVariantGroup section */
		2E3B346A22C595780055929B /* Main.storyboard */ = {
			isa = PBXVariantGroup;
			children = (
				2E3B346B22C595780055929B /* Base */,
			);
			name = Main.storyboard;
			sourceTree = "<group>";
		};
		2E3B346F22C5957B0055929B /* LaunchScreen.storyboard */ = {
			isa = PBXVariantGroup;
			children = (
				2E3B347022C5957B0055929B /* Base */,
			);
			name = LaunchScreen.storyboard;
			sourceTree = "<group>";
		};
/* End PBXVariantGroup section */

/* Begin XCBuildConfiguration section */
		2E3B347322C5957B0055929B /* Debug */ = {
			isa = XCBuildConfiguration;
			buildSettings = {
				ALWAYS_SEARCH_USER_PATHS = NO;
				CLANG_ANALYZER_NONNULL = YES;
				CLANG_ANALYZER_NUMBER_OBJECT_CONVERSION = YES_AGGRESSIVE;
				CLANG_CXX_LANGUAGE_STANDARD = "gnu++14";
				CLANG_CXX_LIBRARY = "libc++";
				CLANG_ENABLE_MODULES = YES;
				CLANG_ENABLE_OBJC_ARC = YES;
				CLANG_ENABLE_OBJC_WEAK = YES;
				CLANG_WARN_BLOCK_CAPTURE_AUTORELEASING = YES;
				CLANG_WARN_BOOL_CONVERSION = YES;
				CLANG_WARN_COMMA = YES;
				CLANG_WARN_CONSTANT_CONVERSION = YES;
				CLANG_WARN_DEPRECATED_OBJC_IMPLEMENTATIONS = YES;
				CLANG_WARN_DIRECT_OBJC_ISA_USAGE = YES_ERROR;
				CLANG_WARN_DOCUMENTATION_COMMENTS = YES;
				CLANG_WARN_EMPTY_BODY = YES;
				CLANG_WARN_ENUM_CONVERSION = YES;
				CLANG_WARN_INFINITE_RECURSION = YES;
				CLANG_WARN_INT_CONVERSION = YES;
				CLANG_WARN_NON_LITERAL_NULL_CONVERSION = YES;
				CLANG_WARN_OBJC_IMPLICIT_RETAIN_SELF = YES;
				CLANG_WARN_OBJC_LITERAL_CONVERSION = YES;
				CLANG_WARN_OBJC_ROOT_CLASS = YES_ERROR;
				CLANG_WARN_RANGE_LOOP_ANALYSIS = YES;
				CLANG_WARN_STRICT_PROTOTYPES = YES;
				CLANG_WARN_SUSPICIOUS_MOVE = YES;
				CLANG_WARN_UNGUARDED_AVAILABILITY = YES_AGGRESSIVE;
				CLANG_WARN_UNREACHABLE_CODE = YES;
				CLANG_WARN__DUPLICATE_METHOD_MATCH = YES;
				CODE_SIGN_IDENTITY = "iPhone Developer";
				COPY_PHASE_STRIP = NO;
				DEBUG_INFORMATION_FORMAT = dwarf;
				ENABLE_STRICT_OBJC_MSGSEND = YES;
				ENABLE_TESTABILITY = YES;
				GCC_C_LANGUAGE_STANDARD = gnu11;
				GCC_DYNAMIC_NO_PIC = NO;
				GCC_NO_COMMON_BLOCKS = YES;
				GCC_OPTIMIZATION_LEVEL = 0;
				GCC_PREPROCESSOR_DEFINITIONS = (
					"DEBUG=1",
					"$(inherited)",
				);
				GCC_WARN_64_TO_32_BIT_CONVERSION = YES;
				GCC_WARN_ABOUT_RETURN_TYPE = YES_ERROR;
				GCC_WARN_UNDECLARED_SELECTOR = YES;
				GCC_WARN_UNINITIALIZED_AUTOS = YES_AGGRESSIVE;
				GCC_WARN_UNUSED_FUNCTION = YES;
				GCC_WARN_UNUSED_VARIABLE = YES;
				IPHONEOS_DEPLOYMENT_TARGET = 12.1;
				MTL_ENABLE_DEBUG_INFO = INCLUDE_SOURCE;
				MTL_FAST_MATH = YES;
				ONLY_ACTIVE_ARCH = YES;
				SDKROOT = iphoneos;
				SWIFT_ACTIVE_COMPILATION_CONDITIONS = DEBUG;
				SWIFT_OPTIMIZATION_LEVEL = "-Onone";
			};
			name = Debug;
		};
		2E3B347422C5957B0055929B /* Release */ = {
			isa = XCBuildConfiguration;
			buildSettings = {
				ALWAYS_SEARCH_USER_PATHS = NO;
				CLANG_ANALYZER_NONNULL = YES;
				CLANG_ANALYZER_NUMBER_OBJECT_CONVERSION = YES_AGGRESSIVE;
				CLANG_CXX_LANGUAGE_STANDARD = "gnu++14";
				CLANG_CXX_LIBRARY = "libc++";
				CLANG_ENABLE_MODULES = YES;
				CLANG_ENABLE_OBJC_ARC = YES;
				CLANG_ENABLE_OBJC_WEAK = YES;
				CLANG_WARN_BLOCK_CAPTURE_AUTORELEASING = YES;
				CLANG_WARN_BOOL_CONVERSION = YES;
				CLANG_WARN_COMMA = YES;
				CLANG_WARN_CONSTANT_CONVERSION = YES;
				CLANG_WARN_DEPRECATED_OBJC_IMPLEMENTATIONS = YES;
				CLANG_WARN_DIRECT_OBJC_ISA_USAGE = YES_ERROR;
				CLANG_WARN_DOCUMENTATION_COMMENTS = YES;
				CLANG_WARN_EMPTY_BODY = YES;
				CLANG_WARN_ENUM_CONVERSION = YES;
				CLANG_WARN_INFINITE_RECURSION = YES;
				CLANG_WARN_INT_CONVERSION = YES;
				CLANG_WARN_NON_LITERAL_NULL_CONVERSION = YES;
				CLANG_WARN_OBJC_IMPLICIT_RETAIN_SELF = YES;
				CLANG_WARN_OBJC_LITERAL_CONVERSION = YES;
				CLANG_WARN_OBJC_ROOT_CLASS = YES_ERROR;
				CLANG_WARN_RANGE_LOOP_ANALYSIS = YES;
				CLANG_WARN_STRICT_PROTOTYPES = YES;
				CLANG_WARN_SUSPICIOUS_MOVE = YES;
				CLANG_WARN_UNGUARDED_AVAILABILITY = YES_AGGRESSIVE;
				CLANG_WARN_UNREACHABLE_CODE = YES;
				CLANG_WARN__DUPLICATE_METHOD_MATCH = YES;
				CODE_SIGN_IDENTITY = "iPhone Developer";
				COPY_PHASE_STRIP = NO;
				DEBUG_INFORMATION_FORMAT = "dwarf-with-dsym";
				ENABLE_NS_ASSERTIONS = NO;
				ENABLE_STRICT_OBJC_MSGSEND = YES;
				GCC_C_LANGUAGE_STANDARD = gnu11;
				GCC_NO_COMMON_BLOCKS = YES;
				GCC_WARN_64_TO_32_BIT_CONVERSION = YES;
				GCC_WARN_ABOUT_RETURN_TYPE = YES_ERROR;
				GCC_WARN_UNDECLARED_SELECTOR = YES;
				GCC_WARN_UNINITIALIZED_AUTOS = YES_AGGRESSIVE;
				GCC_WARN_UNUSED_FUNCTION = YES;
				GCC_WARN_UNUSED_VARIABLE = YES;
				IPHONEOS_DEPLOYMENT_TARGET = 12.1;
				MTL_ENABLE_DEBUG_INFO = NO;
				MTL_FAST_MATH = YES;
				SDKROOT = iphoneos;
				SWIFT_COMPILATION_MODE = wholemodule;
				SWIFT_OPTIMIZATION_LEVEL = "-O";
				VALIDATE_PRODUCT = YES;
			};
			name = Release;
		};
		2E3B347622C5957B0055929B /* Debug */ = {
			isa = XCBuildConfiguration;
			buildSettings = {
				ASSETCATALOG_COMPILER_APPICON_NAME = AppIcon;
				CODE_SIGN_STYLE = Automatic;
				DEVELOPMENT_TEAM = V6KAPFF8Q4;
				INFOPLIST_FILE = "Proj 1-3 Review/Info.plist";
				LD_RUNPATH_SEARCH_PATHS = (
					"$(inherited)",
					"@executable_path/Frameworks",
				);
				PRODUCT_BUNDLE_IDENTIFIER = "com.AngelaWu.Proj-1-3-Review";
				PRODUCT_NAME = "$(TARGET_NAME)";
				SWIFT_VERSION = 4.2;
				TARGETED_DEVICE_FAMILY = "1,2";
			};
			name = Debug;
		};
		2E3B347722C5957B0055929B /* Release */ = {
			isa = XCBuildConfiguration;
			buildSettings = {
				ASSETCATALOG_COMPILER_APPICON_NAME = AppIcon;
				CODE_SIGN_STYLE = Automatic;
				DEVELOPMENT_TEAM = V6KAPFF8Q4;
				INFOPLIST_FILE = "Proj 1-3 Review/Info.plist";
				LD_RUNPATH_SEARCH_PATHS = (
					"$(inherited)",
					"@executable_path/Frameworks",
				);
				PRODUCT_BUNDLE_IDENTIFIER = "com.AngelaWu.Proj-1-3-Review";
				PRODUCT_NAME = "$(TARGET_NAME)";
				SWIFT_VERSION = 4.2;
				TARGETED_DEVICE_FAMILY = "1,2";
			};
			name = Release;
		};
/* End XCBuildConfiguration section */

/* Begin XCConfigurationList section */
		2E3B345E22C595780055929B /* Build configuration list for PBXProject "Proj 1-3 Review" */ = {
			isa = XCConfigurationList;
			buildConfigurations = (
				2E3B347322C5957B0055929B /* Debug */,
				2E3B347422C5957B0055929B /* Release */,
			);
			defaultConfigurationIsVisible = 0;
			defaultConfigurationName = Release;
		};
		2E3B347522C5957B0055929B /* Build configuration list for PBXNativeTarget "Proj 1-3 Review" */ = {
			isa = XCConfigurationList;
			buildConfigurations = (
				2E3B347622C5957B0055929B /* Debug */,
				2E3B347722C5957B0055929B /* Release */,
			);
			defaultConfigurationIsVisible = 0;
			defaultConfigurationName = Release;
		};
/* End XCConfigurationList section */
	};
	rootObject = 2E3B345B22C595780055929B /* Project object */;
}
